// !$*UTF8*$!
{
	archiveVersion = 1;
	classes = {
	};
	objectVersion = 46;
	objects = {

/* Begin PBXBuildFile section */
		7DFE08C31A65B48300C99E2B /* main.m in Sources */ = {isa = PBXBuildFile; fileRef = 7DFE08C21A65B48300C99E2B /* main.m */; };
		7DFE08C61A65B48300C99E2B /* AppDelegate.m in Sources */ = {isa = PBXBuildFile; fileRef = 7DFE08C51A65B48300C99E2B /* AppDelegate.m */; };
		7DFE08C91A65B48300C99E2B /* Moovie.xcdatamodeld in Sources */ = {isa = PBXBuildFile; fileRef = 7DFE08C71A65B48300C99E2B /* Moovie.xcdatamodeld */; };
		7DFE08CC1A65B48300C99E2B /* RootController.m in Sources */ = {isa = PBXBuildFile; fileRef = 7DFE08CB1A65B48300C99E2B /* RootController.m */; };
		7DFE08D11A65B48300C99E2B /* Images.xcassets in Resources */ = {isa = PBXBuildFile; fileRef = 7DFE08D01A65B48300C99E2B /* Images.xcassets */; };
		7DFE08D41A65B48300C99E2B /* LaunchScreen.xib in Resources */ = {isa = PBXBuildFile; fileRef = 7DFE08D21A65B48300C99E2B /* LaunchScreen.xib */; };
		7DFE08EB1A65B7F200C99E2B /* PlayingMoviesController.m in Sources */ = {isa = PBXBuildFile; fileRef = 7DFE08EA1A65B7F200C99E2B /* PlayingMoviesController.m */; };
		7DFE08EE1A65BBCB00C99E2B /* SessionVars.m in Sources */ = {isa = PBXBuildFile; fileRef = 7DFE08ED1A65BBCB00C99E2B /* SessionVars.m */; };
		7DFE08FA1A65BEDB00C99E2B /* XCTest.framework in Frameworks */ = {isa = PBXBuildFile; fileRef = 7DFE08F91A65BEDB00C99E2B /* XCTest.framework */; };
		7DFE08FC1A65BEDB00C99E2B /* CoreGraphics.framework in Frameworks */ = {isa = PBXBuildFile; fileRef = 7DFE08FB1A65BEDB00C99E2B /* CoreGraphics.framework */; };
		7DFE08FE1A65BEDB00C99E2B /* UIKit.framework in Frameworks */ = {isa = PBXBuildFile; fileRef = 7DFE08FD1A65BEDB00C99E2B /* UIKit.framework */; };
		7DFE09001A65BEDB00C99E2B /* Foundation.framework in Frameworks */ = {isa = PBXBuildFile; fileRef = 7DFE08FF1A65BEDB00C99E2B /* Foundation.framework */; };
		7DFE09051A65BEDB00C99E2B /* MoovieSpecs-Info.plist in Resources */ = {isa = PBXBuildFile; fileRef = 7DFE09041A65BEDB00C99E2B /* MoovieSpecs-Info.plist */; };
		7DFE09071A65BEDB00C99E2B /* ExampleSpec.mm in Sources */ = {isa = PBXBuildFile; fileRef = 7DFE09061A65BEDB00C99E2B /* ExampleSpec.mm */; };
		7DFE090A1A65BEDB00C99E2B /* Cedar-iOS.framework in Frameworks */ = {isa = PBXBuildFile; fileRef = 7DFE09091A65BEDB00C99E2B /* Cedar-iOS.framework */; };
		7DFE09121A65C52600C99E2B /* APIController.m in Sources */ = {isa = PBXBuildFile; fileRef = 7DFE09111A65C52600C99E2B /* APIController.m */; };
		7DFE09151A65C83500C99E2B /* Movie.m in Sources */ = {isa = PBXBuildFile; fileRef = 7DFE09141A65C83500C99E2B /* Movie.m */; };
		CF8437C1428D9B68FACDF5C6 /* libPods.a in Frameworks */ = {isa = PBXBuildFile; fileRef = 12B6BC39018C74638FFA7A95 /* libPods.a */; };
/* End PBXBuildFile section */

/* Begin PBXContainerItemProxy section */
		7DFE090B1A65BEDB00C99E2B /* PBXContainerItemProxy */ = {
			isa = PBXContainerItemProxy;
			containerPortal = 7DFE08B51A65B48300C99E2B /* Project object */;
			proxyType = 1;
			remoteGlobalIDString = 7DFE08BC1A65B48300C99E2B;
			remoteInfo = Moovie;
		};
/* End PBXContainerItemProxy section */

/* Begin PBXFileReference section */
		12B6BC39018C74638FFA7A95 /* libPods.a */ = {isa = PBXFileReference; explicitFileType = archive.ar; includeInIndex = 0; path = libPods.a; sourceTree = BUILT_PRODUCTS_DIR; };
		6373F3763D32FD46A2FBDB0E /* Pods.debug.xcconfig */ = {isa = PBXFileReference; includeInIndex = 1; lastKnownFileType = text.xcconfig; name = Pods.debug.xcconfig; path = "Pods/Target Support Files/Pods/Pods.debug.xcconfig"; sourceTree = "<group>"; };
		7DFE08BD1A65B48300C99E2B /* Moovie.app */ = {isa = PBXFileReference; explicitFileType = wrapper.application; includeInIndex = 0; path = Moovie.app; sourceTree = BUILT_PRODUCTS_DIR; };
		7DFE08C11A65B48300C99E2B /* Info.plist */ = {isa = PBXFileReference; lastKnownFileType = text.plist.xml; path = Info.plist; sourceTree = "<group>"; };
		7DFE08C21A65B48300C99E2B /* main.m */ = {isa = PBXFileReference; lastKnownFileType = sourcecode.c.objc; path = main.m; sourceTree = "<group>"; };
		7DFE08C41A65B48300C99E2B /* AppDelegate.h */ = {isa = PBXFileReference; lastKnownFileType = sourcecode.c.h; path = AppDelegate.h; sourceTree = "<group>"; };
		7DFE08C51A65B48300C99E2B /* AppDelegate.m */ = {isa = PBXFileReference; lastKnownFileType = sourcecode.c.objc; path = AppDelegate.m; sourceTree = "<group>"; };
		7DFE08C81A65B48300C99E2B /* Moovie.xcdatamodel */ = {isa = PBXFileReference; lastKnownFileType = wrapper.xcdatamodel; path = Moovie.xcdatamodel; sourceTree = "<group>"; };
		7DFE08CA1A65B48300C99E2B /* RootController.h */ = {isa = PBXFileReference; lastKnownFileType = sourcecode.c.h; path = RootController.h; sourceTree = "<group>"; };
		7DFE08CB1A65B48300C99E2B /* RootController.m */ = {isa = PBXFileReference; lastKnownFileType = sourcecode.c.objc; path = RootController.m; sourceTree = "<group>"; };
		7DFE08D01A65B48300C99E2B /* Images.xcassets */ = {isa = PBXFileReference; lastKnownFileType = folder.assetcatalog; path = Images.xcassets; sourceTree = "<group>"; };
		7DFE08D31A65B48300C99E2B /* Base */ = {isa = PBXFileReference; lastKnownFileType = file.xib; name = Base; path = Base.lproj/LaunchScreen.xib; sourceTree = "<group>"; };
		7DFE08E91A65B7F200C99E2B /* PlayingMoviesController.h */ = {isa = PBXFileReference; fileEncoding = 4; lastKnownFileType = sourcecode.c.h; path = PlayingMoviesController.h; sourceTree = "<group>"; };
		7DFE08EA1A65B7F200C99E2B /* PlayingMoviesController.m */ = {isa = PBXFileReference; fileEncoding = 4; lastKnownFileType = sourcecode.c.objc; path = PlayingMoviesController.m; sourceTree = "<group>"; };
		7DFE08EC1A65BBCB00C99E2B /* SessionVars.h */ = {isa = PBXFileReference; fileEncoding = 4; lastKnownFileType = sourcecode.c.h; path = SessionVars.h; sourceTree = "<group>"; };
		7DFE08ED1A65BBCB00C99E2B /* SessionVars.m */ = {isa = PBXFileReference; fileEncoding = 4; lastKnownFileType = sourcecode.c.objc; path = SessionVars.m; sourceTree = "<group>"; };
		7DFE08F71A65BEDB00C99E2B /* MoovieSpecs.xctest */ = {isa = PBXFileReference; explicitFileType = wrapper.cfbundle; includeInIndex = 0; path = MoovieSpecs.xctest; sourceTree = BUILT_PRODUCTS_DIR; };
		7DFE08F91A65BEDB00C99E2B /* XCTest.framework */ = {isa = PBXFileReference; lastKnownFileType = wrapper.framework; name = XCTest.framework; path = Library/Frameworks/XCTest.framework; sourceTree = DEVELOPER_DIR; };
		7DFE08FB1A65BEDB00C99E2B /* CoreGraphics.framework */ = {isa = PBXFileReference; lastKnownFileType = wrapper.framework; name = CoreGraphics.framework; path = /System/Library/Frameworks/CoreGraphics.framework; sourceTree = "<absolute>"; };
		7DFE08FD1A65BEDB00C99E2B /* UIKit.framework */ = {isa = PBXFileReference; lastKnownFileType = wrapper.framework; name = UIKit.framework; path = Library/Frameworks/UIKit.framework; sourceTree = DEVELOPER_DIR; };
		7DFE08FF1A65BEDB00C99E2B /* Foundation.framework */ = {isa = PBXFileReference; lastKnownFileType = wrapper.framework; name = Foundation.framework; path = /System/Library/Frameworks/Foundation.framework; sourceTree = "<absolute>"; };
		7DFE09031A65BEDB00C99E2B /* Info.plist */ = {isa = PBXFileReference; lastKnownFileType = text.plist.xml; path = Info.plist; sourceTree = "<group>"; };
		7DFE09041A65BEDB00C99E2B /* MoovieSpecs-Info.plist */ = {isa = PBXFileReference; lastKnownFileType = text.plist.xml; path = "MoovieSpecs-Info.plist"; sourceTree = "<group>"; };
		7DFE09061A65BEDB00C99E2B /* ExampleSpec.mm */ = {isa = PBXFileReference; lastKnownFileType = sourcecode.cpp.objcpp; path = ExampleSpec.mm; sourceTree = "<group>"; };
		7DFE09081A65BEDB00C99E2B /* Rakefile */ = {isa = PBXFileReference; lastKnownFileType = text; path = Rakefile; sourceTree = "<group>"; };
		7DFE09091A65BEDB00C99E2B /* Cedar-iOS.framework */ = {isa = PBXFileReference; lastKnownFileType = wrapper.framework; name = "Cedar-iOS.framework"; path = "Frameworks/Cedar-iOS.framework"; sourceTree = "<group>"; };
		7DFE09101A65C52600C99E2B /* APIController.h */ = {isa = PBXFileReference; fileEncoding = 4; lastKnownFileType = sourcecode.c.h; path = APIController.h; sourceTree = "<group>"; };
		7DFE09111A65C52600C99E2B /* APIController.m */ = {isa = PBXFileReference; fileEncoding = 4; lastKnownFileType = sourcecode.c.objc; path = APIController.m; sourceTree = "<group>"; };
		7DFE09131A65C83500C99E2B /* Movie.h */ = {isa = PBXFileReference; fileEncoding = 4; lastKnownFileType = sourcecode.c.h; path = Movie.h; sourceTree = "<group>"; };
		7DFE09141A65C83500C99E2B /* Movie.m */ = {isa = PBXFileReference; fileEncoding = 4; lastKnownFileType = sourcecode.c.objc; path = Movie.m; sourceTree = "<group>"; };
		8A98CEC1362C5704B5EFC67B /* Pods.release.xcconfig */ = {isa = PBXFileReference; includeInIndex = 1; lastKnownFileType = text.xcconfig; name = Pods.release.xcconfig; path = "Pods/Target Support Files/Pods/Pods.release.xcconfig"; sourceTree = "<group>"; };
/* End PBXFileReference section */

/* Begin PBXFrameworksBuildPhase section */
		7DFE08BA1A65B48300C99E2B /* Frameworks */ = {
			isa = PBXFrameworksBuildPhase;
			buildActionMask = 2147483647;
			files = (
				CF8437C1428D9B68FACDF5C6 /* libPods.a in Frameworks */,
			);
			runOnlyForDeploymentPostprocessing = 0;
		};
		7DFE08F01A65BEDB00C99E2B /* Frameworks */ = {
			isa = PBXFrameworksBuildPhase;
			buildActionMask = 2147483647;
			files = (
				7DFE08FC1A65BEDB00C99E2B /* CoreGraphics.framework in Frameworks */,
				7DFE08FE1A65BEDB00C99E2B /* UIKit.framework in Frameworks */,
				7DFE090A1A65BEDB00C99E2B /* Cedar-iOS.framework in Frameworks */,
				7DFE08FA1A65BEDB00C99E2B /* XCTest.framework in Frameworks */,
				7DFE09001A65BEDB00C99E2B /* Foundation.framework in Frameworks */,
			);
			runOnlyForDeploymentPostprocessing = 0;
		};
		7DFE08F31A65BEDB00C99E2B /* Frameworks */ = {
			isa = PBXFrameworksBuildPhase;
			buildActionMask = 2147483647;
			files = (
			);
			runOnlyForDeploymentPostprocessing = 0;
		};
/* End PBXFrameworksBuildPhase section */

/* Begin PBXGroup section */
		7DF4F768B16EAEA76EE8F10E /* Pods */ = {
			isa = PBXGroup;
			children = (
				6373F3763D32FD46A2FBDB0E /* Pods.debug.xcconfig */,
				8A98CEC1362C5704B5EFC67B /* Pods.release.xcconfig */,
			);
			name = Pods;
			sourceTree = "<group>";
		};
		7DFE08B41A65B48300C99E2B = {
			isa = PBXGroup;
			children = (
				7DFE08BF1A65B48300C99E2B /* Moovie */,
				7DFE09011A65BEDB00C99E2B /* MoovieSpecs */,
				7DFE08F81A65BEDB00C99E2B /* Frameworks */,
				7DFE08BE1A65B48300C99E2B /* Products */,
				7DF4F768B16EAEA76EE8F10E /* Pods */,
			);
			sourceTree = "<group>";
		};
		7DFE08BE1A65B48300C99E2B /* Products */ = {
			isa = PBXGroup;
			children = (
				7DFE08BD1A65B48300C99E2B /* Moovie.app */,
				7DFE08F71A65BEDB00C99E2B /* MoovieSpecs.xctest */,
			);
			name = Products;
			sourceTree = "<group>";
		};
		7DFE08BF1A65B48300C99E2B /* Moovie */ = {
			isa = PBXGroup;
			children = (
				7DFE08E91A65B7F200C99E2B /* PlayingMoviesController.h */,
				7DFE08EA1A65B7F200C99E2B /* PlayingMoviesController.m */,
				7DFE09131A65C83500C99E2B /* Movie.h */,
				7DFE09141A65C83500C99E2B /* Movie.m */,
				7DFE09101A65C52600C99E2B /* APIController.h */,
				7DFE09111A65C52600C99E2B /* APIController.m */,
				7DFE08C41A65B48300C99E2B /* AppDelegate.h */,
				7DFE08C51A65B48300C99E2B /* AppDelegate.m */,
				7DFE08CA1A65B48300C99E2B /* RootController.h */,
				7DFE08CB1A65B48300C99E2B /* RootController.m */,
				7DFE08EC1A65BBCB00C99E2B /* SessionVars.h */,
				7DFE08ED1A65BBCB00C99E2B /* SessionVars.m */,
				7DFE08D01A65B48300C99E2B /* Images.xcassets */,
				7DFE08D21A65B48300C99E2B /* LaunchScreen.xib */,
				7DFE08C71A65B48300C99E2B /* Moovie.xcdatamodeld */,
				7DFE08C01A65B48300C99E2B /* Supporting Files */,
			);
			path = Moovie;
			sourceTree = "<group>";
		};
		7DFE08C01A65B48300C99E2B /* Supporting Files */ = {
			isa = PBXGroup;
			children = (
				7DFE08C11A65B48300C99E2B /* Info.plist */,
				7DFE08C21A65B48300C99E2B /* main.m */,
			);
			name = "Supporting Files";
			sourceTree = "<group>";
		};
		7DFE08F81A65BEDB00C99E2B /* Frameworks */ = {
			isa = PBXGroup;
			children = (
				7DFE08F91A65BEDB00C99E2B /* XCTest.framework */,
				7DFE08FB1A65BEDB00C99E2B /* CoreGraphics.framework */,
				7DFE08FD1A65BEDB00C99E2B /* UIKit.framework */,
				7DFE08FF1A65BEDB00C99E2B /* Foundation.framework */,
				12B6BC39018C74638FFA7A95 /* libPods.a */,
			);
			name = Frameworks;
			sourceTree = "<group>";
		};
		7DFE09011A65BEDB00C99E2B /* MoovieSpecs */ = {
			isa = PBXGroup;
			children = (
				7DFE09041A65BEDB00C99E2B /* MoovieSpecs-Info.plist */,
				7DFE09061A65BEDB00C99E2B /* ExampleSpec.mm */,
				7DFE09081A65BEDB00C99E2B /* Rakefile */,
				7DFE09091A65BEDB00C99E2B /* Cedar-iOS.framework */,
				7DFE09021A65BEDB00C99E2B /* Supporting Files */,
			);
			path = MoovieSpecs;
			sourceTree = "<group>";
		};
		7DFE09021A65BEDB00C99E2B /* Supporting Files */ = {
			isa = PBXGroup;
			children = (
				7DFE09031A65BEDB00C99E2B /* Info.plist */,
			);
			name = "Supporting Files";
			sourceTree = "<group>";
		};
/* End PBXGroup section */

/* Begin PBXNativeTarget section */
		7DFE08BC1A65B48300C99E2B /* Moovie */ = {
			isa = PBXNativeTarget;
			buildConfigurationList = 7DFE08E31A65B48300C99E2B /* Build configuration list for PBXNativeTarget "Moovie" */;
			buildPhases = (
				86AF065A8B216D43F9454BA1 /* Check Pods Manifest.lock */,
				7DFE08B91A65B48300C99E2B /* Sources */,
				7DFE08BA1A65B48300C99E2B /* Frameworks */,
				7DFE08BB1A65B48300C99E2B /* Resources */,
				E82B0C7E3BC244DBC7868D33 /* Copy Pods Resources */,
			);
			buildRules = (
			);
			dependencies = (
			);
			name = Moovie;
			productName = Moovie;
			productReference = 7DFE08BD1A65B48300C99E2B /* Moovie.app */;
			productType = "com.apple.product-type.application";
		};
		7DFE08F61A65BEDB00C99E2B /* MoovieSpecs */ = {
			isa = PBXNativeTarget;
			buildConfigurationList = 7DFE090D1A65BEDB00C99E2B /* Build configuration list for PBXNativeTarget "MoovieSpecs" */;
			buildPhases = (
				7DFE08EF1A65BEDB00C99E2B /* Sources */,
				7DFE08F01A65BEDB00C99E2B /* Frameworks */,
				7DFE08F11A65BEDB00C99E2B /* Resources */,
				7DFE08F21A65BEDB00C99E2B /* Sources */,
				7DFE08F31A65BEDB00C99E2B /* Frameworks */,
				7DFE08F41A65BEDB00C99E2B /* Resources */,
				7DFE08F51A65BEDB00C99E2B /* ShellScript */,
			);
			buildRules = (
			);
			dependencies = (
				7DFE090C1A65BEDB00C99E2B /* PBXTargetDependency */,
			);
			name = MoovieSpecs;
			productName = MoovieSpecs;
			productReference = 7DFE08F71A65BEDB00C99E2B /* MoovieSpecs.xctest */;
			productType = "com.apple.product-type.bundle.unit-test";
		};
/* End PBXNativeTarget section */

/* Begin PBXProject section */
		7DFE08B51A65B48300C99E2B /* Project object */ = {
			isa = PBXProject;
			attributes = {
				LastUpgradeCheck = 0610;
				ORGANIZATIONNAME = DX209;
				TargetAttributes = {
					7DFE08BC1A65B48300C99E2B = {
						CreatedOnToolsVersion = 6.1.1;
					};
					7DFE08F61A65BEDB00C99E2B = {
						CreatedOnToolsVersion = 6.1.1;
						TestTargetID = 7DFE08BC1A65B48300C99E2B;
					};
				};
			};
			buildConfigurationList = 7DFE08B81A65B48300C99E2B /* Build configuration list for PBXProject "Moovie" */;
			compatibilityVersion = "Xcode 3.2";
			developmentRegion = English;
			hasScannedForEncodings = 0;
			knownRegions = (
				en,
				Base,
			);
			mainGroup = 7DFE08B41A65B48300C99E2B;
			productRefGroup = 7DFE08BE1A65B48300C99E2B /* Products */;
			projectDirPath = "";
			projectRoot = "";
			targets = (
				7DFE08BC1A65B48300C99E2B /* Moovie */,
				7DFE08F61A65BEDB00C99E2B /* MoovieSpecs */,
			);
		};
/* End PBXProject section */

/* Begin PBXResourcesBuildPhase section */
		7DFE08BB1A65B48300C99E2B /* Resources */ = {
			isa = PBXResourcesBuildPhase;
			buildActionMask = 2147483647;
			files = (
				7DFE08D41A65B48300C99E2B /* LaunchScreen.xib in Resources */,
				7DFE08D11A65B48300C99E2B /* Images.xcassets in Resources */,
			);
			runOnlyForDeploymentPostprocessing = 0;
		};
		7DFE08F11A65BEDB00C99E2B /* Resources */ = {
			isa = PBXResourcesBuildPhase;
			buildActionMask = 2147483647;
			files = (
				7DFE09051A65BEDB00C99E2B /* MoovieSpecs-Info.plist in Resources */,
			);
			runOnlyForDeploymentPostprocessing = 0;
		};
		7DFE08F41A65BEDB00C99E2B /* Resources */ = {
			isa = PBXResourcesBuildPhase;
			buildActionMask = 2147483647;
			files = (
			);
			runOnlyForDeploymentPostprocessing = 0;
		};
/* End PBXResourcesBuildPhase section */

/* Begin PBXShellScriptBuildPhase section */
		7DFE08F51A65BEDB00C99E2B /* ShellScript */ = {
			isa = PBXShellScriptBuildPhase;
			buildActionMask = 2147483647;
			files = (
			);
			inputPaths = (
			);
			outputPaths = (
			);
			runOnlyForDeploymentPostprocessing = 0;
			shellPath = /bin/sh;
			shellScript = "# Run the unit tests in this test bundle.\n            \"${SYSTEM_DEVELOPER_DIR}/Tools/RunUnitTests\"\n            ";
		};
		86AF065A8B216D43F9454BA1 /* Check Pods Manifest.lock */ = {
			isa = PBXShellScriptBuildPhase;
			buildActionMask = 2147483647;
			files = (
			);
			inputPaths = (
			);
			name = "Check Pods Manifest.lock";
			outputPaths = (
			);
			runOnlyForDeploymentPostprocessing = 0;
			shellPath = /bin/sh;
			shellScript = "diff \"${PODS_ROOT}/../Podfile.lock\" \"${PODS_ROOT}/Manifest.lock\" > /dev/null\nif [[ $? != 0 ]] ; then\n    cat << EOM\nerror: The sandbox is not in sync with the Podfile.lock. Run 'pod install' or update your CocoaPods installation.\nEOM\n    exit 1\nfi\n";
			showEnvVarsInLog = 0;
		};
		E82B0C7E3BC244DBC7868D33 /* Copy Pods Resources */ = {
			isa = PBXShellScriptBuildPhase;
			buildActionMask = 2147483647;
			files = (
			);
			inputPaths = (
			);
			name = "Copy Pods Resources";
			outputPaths = (
			);
			runOnlyForDeploymentPostprocessing = 0;
			shellPath = /bin/sh;
			shellScript = "\"${SRCROOT}/Pods/Target Support Files/Pods/Pods-resources.sh\"\n";
			showEnvVarsInLog = 0;
		};
/* End PBXShellScriptBuildPhase section */

/* Begin PBXSourcesBuildPhase section */
		7DFE08B91A65B48300C99E2B /* Sources */ = {
			isa = PBXSourcesBuildPhase;
			buildActionMask = 2147483647;
			files = (
				7DFE09121A65C52600C99E2B /* APIController.m in Sources */,
				7DFE08C61A65B48300C99E2B /* AppDelegate.m in Sources */,
				7DFE09151A65C83500C99E2B /* Movie.m in Sources */,
				7DFE08C91A65B48300C99E2B /* Moovie.xcdatamodeld in Sources */,
				7DFE08EE1A65BBCB00C99E2B /* SessionVars.m in Sources */,
				7DFE08EB1A65B7F200C99E2B /* PlayingMoviesController.m in Sources */,
				7DFE08CC1A65B48300C99E2B /* RootController.m in Sources */,
				7DFE08C31A65B48300C99E2B /* main.m in Sources */,
			);
			runOnlyForDeploymentPostprocessing = 0;
		};
		7DFE08EF1A65BEDB00C99E2B /* Sources */ = {
			isa = PBXSourcesBuildPhase;
			buildActionMask = 2147483647;
			files = (
				7DFE09071A65BEDB00C99E2B /* ExampleSpec.mm in Sources */,
			);
			runOnlyForDeploymentPostprocessing = 0;
		};
		7DFE08F21A65BEDB00C99E2B /* Sources */ = {
			isa = PBXSourcesBuildPhase;
			buildActionMask = 2147483647;
			files = (
			);
			runOnlyForDeploymentPostprocessing = 0;
		};
/* End PBXSourcesBuildPhase section */

/* Begin PBXTargetDependency section */
		7DFE090C1A65BEDB00C99E2B /* PBXTargetDependency */ = {
			isa = PBXTargetDependency;
			target = 7DFE08BC1A65B48300C99E2B /* Moovie */;
			targetProxy = 7DFE090B1A65BEDB00C99E2B /* PBXContainerItemProxy */;
		};
/* End PBXTargetDependency section */

/* Begin PBXVariantGroup section */
		7DFE08D21A65B48300C99E2B /* LaunchScreen.xib */ = {
			isa = PBXVariantGroup;
			children = (
				7DFE08D31A65B48300C99E2B /* Base */,
			);
			name = LaunchScreen.xib;
			sourceTree = "<group>";
		};
/* End PBXVariantGroup section */

/* Begin XCBuildConfiguration section */
		7DFE08E11A65B48300C99E2B /* Debug */ = {
			isa = XCBuildConfiguration;
			buildSettings = {
				ALWAYS_SEARCH_USER_PATHS = NO;
				CLANG_CXX_LANGUAGE_STANDARD = "gnu++0x";
				CLANG_CXX_LIBRARY = "libc++";
				CLANG_ENABLE_MODULES = YES;
				CLANG_ENABLE_OBJC_ARC = YES;
				CLANG_WARN_BOOL_CONVERSION = YES;
				CLANG_WARN_CONSTANT_CONVERSION = YES;
				CLANG_WARN_DIRECT_OBJC_ISA_USAGE = YES_ERROR;
				CLANG_WARN_EMPTY_BODY = YES;
				CLANG_WARN_ENUM_CONVERSION = YES;
				CLANG_WARN_INT_CONVERSION = YES;
				CLANG_WARN_OBJC_ROOT_CLASS = YES_ERROR;
				CLANG_WARN_UNREACHABLE_CODE = YES;
				CLANG_WARN__DUPLICATE_METHOD_MATCH = YES;
				"CODE_SIGN_IDENTITY[sdk=iphoneos*]" = "iPhone Developer";
				COPY_PHASE_STRIP = NO;
				ENABLE_STRICT_OBJC_MSGSEND = YES;
				GCC_C_LANGUAGE_STANDARD = gnu99;
				GCC_DYNAMIC_NO_PIC = NO;
				GCC_OPTIMIZATION_LEVEL = 0;
				GCC_PREPROCESSOR_DEFINITIONS = (
					"DEBUG=1",
					"$(inherited)",
				);
				GCC_SYMBOLS_PRIVATE_EXTERN = NO;
				GCC_WARN_64_TO_32_BIT_CONVERSION = YES;
				GCC_WARN_ABOUT_RETURN_TYPE = YES_ERROR;
				GCC_WARN_UNDECLARED_SELECTOR = YES;
				GCC_WARN_UNINITIALIZED_AUTOS = YES_AGGRESSIVE;
				GCC_WARN_UNUSED_FUNCTION = YES;
				GCC_WARN_UNUSED_VARIABLE = YES;
				IPHONEOS_DEPLOYMENT_TARGET = 8.1;
				MTL_ENABLE_DEBUG_INFO = YES;
				ONLY_ACTIVE_ARCH = YES;
				SDKROOT = iphoneos;
				TARGETED_DEVICE_FAMILY = "1,2";
			};
			name = Debug;
		};
		7DFE08E21A65B48300C99E2B /* Release */ = {
			isa = XCBuildConfiguration;
			buildSettings = {
				ALWAYS_SEARCH_USER_PATHS = NO;
				CLANG_CXX_LANGUAGE_STANDARD = "gnu++0x";
				CLANG_CXX_LIBRARY = "libc++";
				CLANG_ENABLE_MODULES = YES;
				CLANG_ENABLE_OBJC_ARC = YES;
				CLANG_WARN_BOOL_CONVERSION = YES;
				CLANG_WARN_CONSTANT_CONVERSION = YES;
				CLANG_WARN_DIRECT_OBJC_ISA_USAGE = YES_ERROR;
				CLANG_WARN_EMPTY_BODY = YES;
				CLANG_WARN_ENUM_CONVERSION = YES;
				CLANG_WARN_INT_CONVERSION = YES;
				CLANG_WARN_OBJC_ROOT_CLASS = YES_ERROR;
				CLANG_WARN_UNREACHABLE_CODE = YES;
				CLANG_WARN__DUPLICATE_METHOD_MATCH = YES;
				"CODE_SIGN_IDENTITY[sdk=iphoneos*]" = "iPhone Developer";
				COPY_PHASE_STRIP = YES;
				ENABLE_NS_ASSERTIONS = NO;
				ENABLE_STRICT_OBJC_MSGSEND = YES;
				GCC_C_LANGUAGE_STANDARD = gnu99;
				GCC_WARN_64_TO_32_BIT_CONVERSION = YES;
				GCC_WARN_ABOUT_RETURN_TYPE = YES_ERROR;
				GCC_WARN_UNDECLARED_SELECTOR = YES;
				GCC_WARN_UNINITIALIZED_AUTOS = YES_AGGRESSIVE;
				GCC_WARN_UNUSED_FUNCTION = YES;
				GCC_WARN_UNUSED_VARIABLE = YES;
				IPHONEOS_DEPLOYMENT_TARGET = 8.1;
				MTL_ENABLE_DEBUG_INFO = NO;
				SDKROOT = iphoneos;
				TARGETED_DEVICE_FAMILY = "1,2";
				VALIDATE_PRODUCT = YES;
			};
			name = Release;
		};
		7DFE08E41A65B48300C99E2B /* Debug */ = {
			isa = XCBuildConfiguration;
			baseConfigurationReference = 6373F3763D32FD46A2FBDB0E /* Pods.debug.xcconfig */;
			buildSettings = {
				ASSETCATALOG_COMPILER_APPICON_NAME = AppIcon;
				CODE_SIGN_IDENTITY = "iPhone Developer";
				INFOPLIST_FILE = Moovie/Info.plist;
				IPHONEOS_DEPLOYMENT_TARGET = 7.0;
				LD_RUNPATH_SEARCH_PATHS = "$(inherited) @executable_path/Frameworks";
				PRODUCT_NAME = "$(TARGET_NAME)";
			};
			name = Debug;
		};
		7DFE08E51A65B48300C99E2B /* Release */ = {
			isa = XCBuildConfiguration;
			baseConfigurationReference = 8A98CEC1362C5704B5EFC67B /* Pods.release.xcconfig */;
			buildSettings = {
				ASSETCATALOG_COMPILER_APPICON_NAME = AppIcon;
				CODE_SIGN_IDENTITY = "iPhone Developer";
				INFOPLIST_FILE = Moovie/Info.plist;
				IPHONEOS_DEPLOYMENT_TARGET = 7.0;
				LD_RUNPATH_SEARCH_PATHS = "$(inherited) @executable_path/Frameworks";
				PRODUCT_NAME = "$(TARGET_NAME)";
			};
			name = Release;
		};
		7DFE090E1A65BEDB00C99E2B /* Debug */ = {
			isa = XCBuildConfiguration;
			buildSettings = {
				BUNDLE_LOADER = "$(TEST_HOST)";
				FRAMEWORK_SEARCH_PATHS = (
					"$(SDKROOT)/Developer/Library/Frameworks",
					"$(DEVELOPER_LIBRARY_DIR)/Frameworks",
					"$(inherited)",
					"$(DEVELOPER_FRAMEWORKS_DIR)",
					"$(PROJECT_DIR)/MoovieSpecs/Frameworks",
				);
				GCC_PREFIX_HEADER = "";
				GCC_PREPROCESSOR_DEFINITIONS = (
					"DEBUG=1",
					"$(inherited)",
				);
				INFOPLIST_FILE = MoovieSpecs/Info.plist;
				IPHONEOS_DEPLOYMENT_TARGET = 8.1;
				LD_RUNPATH_SEARCH_PATHS = "$(inherited) @executable_path/Frameworks @loader_path/Frameworks";
				OTHER_LDFLAGS = (
					"-ObjC",
					"-all_load",
					"-lstdc++",
					"$(inherited)",
				);
				PRODUCT_NAME = "$(TARGET_NAME)";
				TEST_HOST = "$(BUILT_PRODUCTS_DIR)/Moovie.app/Moovie";
				WRAPPER_EXTENSION = xctest;
			};
			name = Debug;
		};
		7DFE090F1A65BEDB00C99E2B /* Release */ = {
			isa = XCBuildConfiguration;
			buildSettings = {
				BUNDLE_LOADER = "$(TEST_HOST)";
				FRAMEWORK_SEARCH_PATHS = (
					"$(SDKROOT)/Developer/Library/Frameworks",
					"$(DEVELOPER_LIBRARY_DIR)/Frameworks",
					"$(inherited)",
					"$(DEVELOPER_FRAMEWORKS_DIR)",
					"$(PROJECT_DIR)/MoovieSpecs/Frameworks",
				);
				GCC_PREFIX_HEADER = "";
				INFOPLIST_FILE = MoovieSpecs/Info.plist;
				IPHONEOS_DEPLOYMENT_TARGET = 8.1;
				LD_RUNPATH_SEARCH_PATHS = "$(inherited) @executable_path/Frameworks @loader_path/Frameworks";
				OTHER_LDFLAGS = (
					"-ObjC",
					"-all_load",
					"-lstdc++",
					"$(inherited)",
				);
				PRODUCT_NAME = "$(TARGET_NAME)";
				TEST_HOST = "$(BUILT_PRODUCTS_DIR)/Moovie.app/Moovie";
				WRAPPER_EXTENSION = xctest;
			};
			name = Release;
		};
/* End XCBuildConfiguration section */

/* Begin XCConfigurationList section */
		7DFE08B81A65B48300C99E2B /* Build configuration list for PBXProject "Moovie" */ = {
			isa = XCConfigurationList;
			buildConfigurations = (
				7DFE08E11A65B48300C99E2B /* Debug */,
				7DFE08E21A65B48300C99E2B /* Release */,
			);
			defaultConfigurationIsVisible = 0;
			defaultConfigurationName = Release;
		};
		7DFE08E31A65B48300C99E2B /* Build configuration list for PBXNativeTarget "Moovie" */ = {
			isa = XCConfigurationList;
			buildConfigurations = (
				7DFE08E41A65B48300C99E2B /* Debug */,
				7DFE08E51A65B48300C99E2B /* Release */,
			);
			defaultConfigurationIsVisible = 0;
			defaultConfigurationName = Release;
		};
		7DFE090D1A65BEDB00C99E2B /* Build configuration list for PBXNativeTarget "MoovieSpecs" */ = {
			isa = XCConfigurationList;
			buildConfigurations = (
				7DFE090E1A65BEDB00C99E2B /* Debug */,
				7DFE090F1A65BEDB00C99E2B /* Release */,
			);
			defaultConfigurationIsVisible = 0;
			defaultConfigurationName = Release;
		};
/* End XCConfigurationList section */

/* Begin XCVersionGroup section */
		7DFE08C71A65B48300C99E2B /* Moovie.xcdatamodeld */ = {
			isa = XCVersionGroup;
			children = (
				7DFE08C81A65B48300C99E2B /* Moovie.xcdatamodel */,
			);
			currentVersion = 7DFE08C81A65B48300C99E2B /* Moovie.xcdatamodel */;
			path = Moovie.xcdatamodeld;
			sourceTree = "<group>";
			versionGroupType = wrapper.xcdatamodel;
		};
/* End XCVersionGroup section */
	};
	rootObject = 7DFE08B51A65B48300C99E2B /* Project object */;
}
